
Microsoft Visual Studio Solution File, Format Version 12.00
# Visual Studio Version 18
VisualStudioVersion = 18.0.11205.157
MinimumVisualStudioVersion = 10.0.40219.1
Project("{FAE04EC0-301F-11D3-BF4B-00C04F79EFBC}") = "GlucoMan.Maui", "GlucoMan.Maui\GlucoMan.Maui.csproj", "{F51DB3B7-A60C-4CC7-85F2-7EF8E3DAD09E}"
EndProject
Project("{D954291E-2A0B-460D-934E-DC6B0785DB48}") = "SharedGlucoMan", "SharedGlucoMan\SharedGlucoMan.shproj", "{A099D29B-5307-4564-ACAD-2A073FD1EF64}"
EndProject
Project("{D954291E-2A0B-460D-934E-DC6B0785DB48}") = "SharedGeneral", "SharedGeneral\SharedGeneral.shproj", "{B8615262-A1A5-4508-A7A2-321C10ED81CC}"
EndProject
Project("{D954291E-2A0B-460D-934E-DC6B0785DB48}") = "SharedMaui", "SharedMaui\SharedMaui.shproj", "{B7063C16-A09E-4622-9713-67A6CF26CFFD}"
EndProject
Project("{2150E333-8FDC-42A3-9474-1A3956D46DE8}") = "Solution Items", "Solution Items", "{6C83A596-D32D-B35F-00DD-F0C99B673980}"
	ProjectSection(SolutionItems) = preProject
		Documentation\ContainerPhotoFeature_Implementation.md = Documentation\ContainerPhotoFeature_Implementation.md
		Documentation\ContainersFeature.md = Documentation\ContainersFeature.md
		Documentation\FatSecret_3Legged_OAuth1_Implementation.md = Documentation\FatSecret_3Legged_OAuth1_Implementation.md
		Documentation\GlucoMan_Operation_Manual.md = Documentation\GlucoMan_Operation_Manual.md
		Documentation\GlucoMan_Quick_Reference.md = Documentation\GlucoMan_Quick_Reference.md
		README.md = README.md
	EndProjectSection
EndProject
Project("{2150E333-8FDC-42A3-9474-1A3956D46DE8}") = "Elementi di soluzione", "Elementi di soluzione", "{47493041-4A9A-4C7F-909C-C68B4E40106A}"
	ProjectSection(SolutionItems) = preProject
		Directory.Packages.props = Directory.Packages.props
	EndProjectSection
EndProject
Project("{D954291E-2A0B-460D-934E-DC6B0785DB48}") = "SharedMathematics", "SharedMathematics\SharedMathematics.shproj", "{8C40022D-CC83-416D-8897-F315E95132BF}"
EndProject
Project("{FAE04EC0-301F-11D3-BF4B-00C04F79EFBC}") = "GlucoMan.Maui.UnitTests", "GlucoMan.Maui.UnitTests\GlucoMan.Maui.UnitTests.csproj", "{976C8391-D0A1-4E92-B48E-E43601E005CA}"
EndProject
Project("{FAE04EC0-301F-11D3-BF4B-00C04F79EFBC}") = "SharedMathematics.UnitTests", "SharedMathematics.UnitTests\SharedMathematics.UnitTests.csproj", "{8CF188EF-E4EE-6B09-6D56-E16A8C801C2A}"
EndProject
Project("{D954291E-2A0B-460D-934E-DC6B0785DB48}") = "SharedModel", "SharedModel\SharedModel.shproj", "{81439F26-72C6-4802-AB75-910B6CCE293F}"
EndProject
Project("{D954291E-2A0B-460D-934E-DC6B0785DB48}") = "SharedData", "SharedData\SharedData.shproj", "{9D386BE4-7A68-4C71-90EE-55DA1BF5BEAA}"
EndProject
Project("{D954291E-2A0B-460D-934E-DC6B0785DB48}") = "SharedBusiness", "SharedBusiness\SharedBusiness.shproj", "{4D370765-D29F-4E0D-A766-42E4694F903F}"
EndProject
Project("{FAE04EC0-301F-11D3-BF4B-00C04F79EFBC}") = "SharedData.UnitTests", "SharedData.UnitTests\SharedData.UnitTests.csproj", "{7A1D5D50-E9BE-0E73-E404-561D1D66BFDB}"
EndProject
Project("{2150E333-8FDC-42A3-9474-1A3956D46DE8}") = "Tools", "Tools", "{07C2787E-EAC7-C090-1BA3-A61EC2A24D84}"
EndProject
Project("{FAE04EC0-301F-11D3-BF4B-00C04F79EFBC}") = "DatabaseComparer", "Tools\DatabaseComparer\DatabaseComparer.csproj", "{EA472A3F-C98D-5CC8-C8A4-4B0C6BF0350A}"
EndProject
Global
	GlobalSection(SolutionConfigurationPlatforms) = preSolution
		Debug|Any CPU = Debug|Any CPU
		Debug|x64 = Debug|x64
		Debug|x86 = Debug|x86
		Release|Any CPU = Release|Any CPU
		Release|x64 = Release|x64
		Release|x86 = Release|x86
	EndGlobalSection
	GlobalSection(ProjectConfigurationPlatforms) = postSolution
		{F51DB3B7-A60C-4CC7-85F2-7EF8E3DAD09E}.Debug|Any CPU.ActiveCfg = Debug|Any CPU
		{F51DB3B7-A60C-4CC7-85F2-7EF8E3DAD09E}.Debug|Any CPU.Build.0 = Debug|Any CPU
		{F51DB3B7-A60C-4CC7-85F2-7EF8E3DAD09E}.Debug|Any CPU.Deploy.0 = Debug|Any CPU
		{F51DB3B7-A60C-4CC7-85F2-7EF8E3DAD09E}.Debug|x64.ActiveCfg = Debug|Any CPU
		{F51DB3B7-A60C-4CC7-85F2-7EF8E3DAD09E}.Debug|x64.Build.0 = Debug|Any CPU
		{F51DB3B7-A60C-4CC7-85F2-7EF8E3DAD09E}.Debug|x86.ActiveCfg = Debug|Any CPU
		{F51DB3B7-A60C-4CC7-85F2-7EF8E3DAD09E}.Debug|x86.Build.0 = Debug|Any CPU
		{F51DB3B7-A60C-4CC7-85F2-7EF8E3DAD09E}.Release|Any CPU.ActiveCfg = Release|Any CPU
		{F51DB3B7-A60C-4CC7-85F2-7EF8E3DAD09E}.Release|Any CPU.Build.0 = Release|Any CPU
		{F51DB3B7-A60C-4CC7-85F2-7EF8E3DAD09E}.Release|Any CPU.Deploy.0 = Release|Any CPU
		{F51DB3B7-A60C-4CC7-85F2-7EF8E3DAD09E}.Release|x64.ActiveCfg = Release|Any CPU
		{F51DB3B7-A60C-4CC7-85F2-7EF8E3DAD09E}.Release|x64.Build.0 = Release|Any CPU
		{F51DB3B7-A60C-4CC7-85F2-7EF8E3DAD09E}.Release|x86.ActiveCfg = Release|Any CPU
		{F51DB3B7-A60C-4CC7-85F2-7EF8E3DAD09E}.Release|x86.Build.0 = Release|Any CPU
		{976C8391-D0A1-4E92-B48E-E43601E005CA}.Debug|Any CPU.ActiveCfg = Debug|Any CPU
		{976C8391-D0A1-4E92-B48E-E43601E005CA}.Debug|Any CPU.Build.0 = Debug|Any CPU
		{976C8391-D0A1-4E92-B48E-E43601E005CA}.Debug|x64.ActiveCfg = Debug|Any CPU
		{976C8391-D0A1-4E92-B48E-E43601E005CA}.Debug|x64.Build.0 = Debug|Any CPU
		{976C8391-D0A1-4E92-B48E-E43601E005CA}.Debug|x86.ActiveCfg = Debug|Any CPU
		{976C8391-D0A1-4E92-B48E-E43601E005CA}.Debug|x86.Build.0 = Debug|Any CPU
		{976C8391-D0A1-4E92-B48E-E43601E005CA}.Release|Any CPU.ActiveCfg = Release|Any CPU
		{976C8391-D0A1-4E92-B48E-E43601E005CA}.Release|Any CPU.Build.0 = Release|Any CPU
		{976C8391-D0A1-4E92-B48E-E43601E005CA}.Release|x64.ActiveCfg = Release|Any CPU
		{976C8391-D0A1-4E92-B48E-E43601E005CA}.Release|x64.Build.0 = Release|Any CPU
		{976C8391-D0A1-4E92-B48E-E43601E005CA}.Release|x86.ActiveCfg = Release|Any CPU
		{976C8391-D0A1-4E92-B48E-E43601E005CA}.Release|x86.Build.0 = Release|Any CPU
		{8CF188EF-E4EE-6B09-6D56-E16A8C801C2A}.Debug|Any CPU.ActiveCfg = Debug|Any CPU
		{8CF188EF-E4EE-6B09-6D56-E16A8C801C2A}.Debug|Any CPU.Build.0 = Debug|Any CPU
		{8CF188EF-E4EE-6B09-6D56-E16A8C801C2A}.Debug|x64.ActiveCfg = Debug|Any CPU
		{8CF188EF-E4EE-6B09-6D56-E16A8C801C2A}.Debug|x64.Build.0 = Debug|Any CPU
		{8CF188EF-E4EE-6B09-6D56-E16A8C801C2A}.Debug|x86.ActiveCfg = Debug|Any CPU
		{8CF188EF-E4EE-6B09-6D56-E16A8C801C2A}.Debug|x86.Build.0 = Debug|Any CPU
		{8CF188EF-E4EE-6B09-6D56-E16A8C801C2A}.Release|Any CPU.ActiveCfg = Release|Any CPU
		{8CF188EF-E4EE-6B09-6D56-E16A8C801C2A}.Release|Any CPU.Build.0 = Release|Any CPU
		{8CF188EF-E4EE-6B09-6D56-E16A8C801C2A}.Release|x64.ActiveCfg = Release|Any CPU
		{8CF188EF-E4EE-6B09-6D56-E16A8C801C2A}.Release|x64.Build.0 = Release|Any CPU
		{8CF188EF-E4EE-6B09-6D56-E16A8C801C2A}.Release|x86.ActiveCfg = Release|Any CPU
		{8CF188EF-E4EE-6B09-6D56-E16A8C801C2A}.Release|x86.Build.0 = Release|Any CPU
		{7A1D5D50-E9BE-0E73-E404-561D1D66BFDB}.Debug|Any CPU.ActiveCfg = Debug|Any CPU
		{7A1D5D50-E9BE-0E73-E404-561D1D66BFDB}.Debug|Any CPU.Build.0 = Debug|Any CPU
		{7A1D5D50-E9BE-0E73-E404-561D1D66BFDB}.Debug|x64.ActiveCfg = Debug|Any CPU
		{7A1D5D50-E9BE-0E73-E404-561D1D66BFDB}.Debug|x64.Build.0 = Debug|Any CPU
		{7A1D5D50-E9BE-0E73-E404-561D1D66BFDB}.Debug|x86.ActiveCfg = Debug|Any CPU
		{7A1D5D50-E9BE-0E73-E404-561D1D66BFDB}.Debug|x86.Build.0 = Debug|Any CPU
		{7A1D5D50-E9BE-0E73-E404-561D1D66BFDB}.Release|Any CPU.ActiveCfg = Release|Any CPU
		{7A1D5D50-E9BE-0E73-E404-561D1D66BFDB}.Release|Any CPU.Build.0 = Release|Any CPU
		{7A1D5D50-E9BE-0E73-E404-561D1D66BFDB}.Release|x64.ActiveCfg = Release|Any CPU
		{7A1D5D50-E9BE-0E73-E404-561D1D66BFDB}.Release|x64.Build.0 = Release|Any CPU
		{7A1D5D50-E9BE-0E73-E404-561D1D66BFDB}.Release|x86.ActiveCfg = Release|Any CPU
		{7A1D5D50-E9BE-0E73-E404-561D1D66BFDB}.Release|x86.Build.0 = Release|Any CPU
		{EA472A3F-C98D-5CC8-C8A4-4B0C6BF0350A}.Debug|Any CPU.ActiveCfg = Debug|Any CPU
		{EA472A3F-C98D-5CC8-C8A4-4B0C6BF0350A}.Debug|Any CPU.Build.0 = Debug|Any CPU
		{EA472A3F-C98D-5CC8-C8A4-4B0C6BF0350A}.Debug|x64.ActiveCfg = Debug|Any CPU
		{EA472A3F-C98D-5CC8-C8A4-4B0C6BF0350A}.Debug|x64.Build.0 = Debug|Any CPU
		{EA472A3F-C98D-5CC8-C8A4-4B0C6BF0350A}.Debug|x86.ActiveCfg = Debug|Any CPU
		{EA472A3F-C98D-5CC8-C8A4-4B0C6BF0350A}.Debug|x86.Build.0 = Debug|Any CPU
		{EA472A3F-C98D-5CC8-C8A4-4B0C6BF0350A}.Release|Any CPU.ActiveCfg = Release|Any CPU
		{EA472A3F-C98D-5CC8-C8A4-4B0C6BF0350A}.Release|Any CPU.Build.0 = Release|Any CPU
		{EA472A3F-C98D-5CC8-C8A4-4B0C6BF0350A}.Release|x64.ActiveCfg = Release|Any CPU
		{EA472A3F-C98D-5CC8-C8A4-4B0C6BF0350A}.Release|x64.Build.0 = Release|Any CPU
		{EA472A3F-C98D-5CC8-C8A4-4B0C6BF0350A}.Release|x86.ActiveCfg = Release|Any CPU
		{EA472A3F-C98D-5CC8-C8A4-4B0C6BF0350A}.Release|x86.Build.0 = Release|Any CPU
	EndGlobalSection
	GlobalSection(SolutionProperties) = preSolution
		HideSolutionNode = FALSE
	EndGlobalSection
	GlobalSection(NestedProjects) = preSolution
		{EA472A3F-C98D-5CC8-C8A4-4B0C6BF0350A} = {07C2787E-EAC7-C090-1BA3-A61EC2A24D84}
	EndGlobalSection
	GlobalSection(ExtensibilityGlobals) = postSolution
		SolutionGuid = {6CAD2BA8-3B6B-4BB9-BF6B-26A922747579}
	EndGlobalSection
	GlobalSection(SharedMSBuildProjectFiles) = preSolution
		SharedBusiness\SharedBusiness.projitems*{4d370765-d29f-4e0d-a766-42e4694f903f}*SharedItemsImports = 13
		SharedModel\SharedModel.projitems*{81439f26-72c6-4802-ab75-910b6cce293f}*SharedItemsImports = 13
		SharedMathematics\SharedMathematics.projitems*{8c40022d-cc83-416d-8897-f315e95132bf}*SharedItemsImports = 13
		SharedGeneral\SharedGeneral.projitems*{8cf188ef-e4ee-6b09-6d56-e16a8c801c2a}*SharedItemsImports = 5
		SharedGlucoMan\SharedGlucoMan.projitems*{8cf188ef-e4ee-6b09-6d56-e16a8c801c2a}*SharedItemsImports = 5
		SharedMathematics\SharedMathematics.projitems*{8cf188ef-e4ee-6b09-6d56-e16a8c801c2a}*SharedItemsImports = 5
		SharedMaui\SharedMaui.projitems*{8cf188ef-e4ee-6b09-6d56-e16a8c801c2a}*SharedItemsImports = 5
		SharedModel\SharedModel.projitems*{8cf188ef-e4ee-6b09-6d56-e16a8c801c2a}*SharedItemsImports = 5
		SharedData\SharedDataa.projitems*{9d386be4-7a68-4c71-90ee-55da1bf5beaa}*SharedItemsImports = 13
		SharedGlucoMan\SharedGlucoMan.projitems*{a099d29b-5307-4564-acad-2a073fd1ef64}*SharedItemsImports = 13
		SharedMaui\SharedMaui.projitems*{b7063c16-a09e-4622-9713-67a6cf26cffd}*SharedItemsImports = 13
		SharedGeneral\SharedGeneral.projitems*{b8615262-a1a5-4508-a7a2-321c10ed81cc}*SharedItemsImports = 13
		SharedBusiness\SharedBusiness.projitems*{f51db3b7-a60c-4cc7-85f2-7ef8e3dad09e}*SharedItemsImports = 5
		SharedData\SharedDataa.projitems*{f51db3b7-a60c-4cc7-85f2-7ef8e3dad09e}*SharedItemsImports = 5
		SharedGeneral\SharedGeneral.projitems*{f51db3b7-a60c-4cc7-85f2-7ef8e3dad09e}*SharedItemsImports = 5
		SharedGlucoMan\SharedGlucoMan.projitems*{f51db3b7-a60c-4cc7-85f2-7ef8e3dad09e}*SharedItemsImports = 5
		SharedMathematics\SharedMathematics.projitems*{f51db3b7-a60c-4cc7-85f2-7ef8e3dad09e}*SharedItemsImports = 5
		SharedMaui\SharedMaui.projitems*{f51db3b7-a60c-4cc7-85f2-7ef8e3dad09e}*SharedItemsImports = 5
		SharedModel\SharedModel.projitems*{f51db3b7-a60c-4cc7-85f2-7ef8e3dad09e}*SharedItemsImports = 5
	EndGlobalSection
EndGlobal
