
Microsoft Visual Studio Solution File, Format Version 12.00
# Visual Studio Version 16
VisualStudioVersion = 16.0.29728.190
MinimumVisualStudioVersion = 10.0.40219.1
Project("{9A19103F-16F7-4668-BE54-9A1E7A4F7556}") = "FoglioGlicemiaTerapia", "FoglioGlicemiaTerapia\FoglioGlicemiaTerapia.csproj", "{38D61AE5-1F46-4FC0-8715-8DA19CB68131}"
EndProject
Project("{D954291E-2A0B-460D-934E-DC6B0785DB48}") = "SharedProject", "SharedProject\SharedProject.shproj", "{ED912C6E-AD4C-41D0-B73A-50222569C201}"
EndProject
Project("{FAE04EC0-301F-11D3-BF4B-00C04F79EFBC}") = "GlucoMan_Mobile.UWP", "GlucoMan_Mobile\GlucoMan_Mobile.UWP\GlucoMan_Mobile.UWP.csproj", "{3E117AC4-A5FC-4468-B028-5B42DD491371}"
EndProject
Project("{FAE04EC0-301F-11D3-BF4B-00C04F79EFBC}") = "GlucoMan_Mobile.Android", "GlucoMan_Mobile\GlucoMan_Mobile.Android\GlucoMan_Mobile.Android.csproj", "{1AF13AD2-83E9-470C-B47F-1F5058403ADC}"
EndProject
Project("{FAE04EC0-301F-11D3-BF4B-00C04F79EFBC}") = "GlucoMan_Mobile.iOS", "GlucoMan_Mobile\GlucoMan_Mobile.iOS\GlucoMan_Mobile.iOS.csproj", "{955693FB-ACBD-425F-B912-7BFAF31DF9AA}"
EndProject
Project("{9A19103F-16F7-4668-BE54-9A1E7A4F7556}") = "GlucoMan_Mobile", "GlucoMan_Mobile\GlucoMan_Mobile\GlucoMan_Mobile.csproj", "{3D1B58CA-0456-40CD-9BEA-0DA2D5960F33}"
EndProject
Project("{FAE04EC0-301F-11D3-BF4B-00C04F79EFBC}") = "GlucoMan_Forms_Core", "GlucoMan_Forms_Core\GlucoMan_Forms_Core.csproj", "{8EC64118-1C79-47E9-B81E-66DAB7C42087}"
EndProject
Project("{D954291E-2A0B-460D-934E-DC6B0785DB48}") = "SharedAndroid", "SharedAndroid\SharedAndroid.shproj", "{7ABE1F51-C287-42F5-9DA8-8DC734CDA12B}"
EndProject
Project("{D954291E-2A0B-460D-934E-DC6B0785DB48}") = "SharedWindows", "SharedWindows\SharedWindows.shproj", "{B3C5E432-3F17-4683-976F-BD54081A9966}"
EndProject
Project("{9A19103F-16F7-4668-BE54-9A1E7A4F7556}") = "GlucoMan_Cui", "GlucoMan_Cui\GlucoMan_Cui.csproj", "{26E91E46-01BC-4BFB-9F2A-8ED254528CE4}"
EndProject
Project("{D954291E-2A0B-460D-934E-DC6B0785DB48}") = "SharedGlucoMan", "SharedGlucoMan\SharedGlucoMan.shproj", "{A099D29B-5307-4564-ACAD-2A073FD1EF64}"
EndProject
Project("{D954291E-2A0B-460D-934E-DC6B0785DB48}") = "SharedXOffice", "UseXOffice\SharedXOffice\SharedXOffice.shproj", "{EEB0680E-E0D0-4485-8C9A-F7AA98DA1B90}"
EndProject
Project("{D954291E-2A0B-460D-934E-DC6B0785DB48}") = "SharedWinForms", "SharedWinForms\SharedWinForms.shproj", "{12450C6C-3750-476E-95CA-8615B1478239}"
EndProject
Global
	GlobalSection(SharedMSBuildProjectFiles) = preSolution
		SharedWinForms\SharedWinForms.projitems*{12450c6c-3750-476e-95ca-8615b1478239}*SharedItemsImports = 13
		SharedAndroid\SharedAndroid.projitems*{1af13ad2-83e9-470c-b47f-1f5058403adc}*SharedItemsImports = 4
		SharedGlucoMan\SharedGlucoMan.projitems*{1af13ad2-83e9-470c-b47f-1f5058403adc}*SharedItemsImports = 4
		SharedGlucoMan\SharedGlucoMan.projitems*{26e91e46-01bc-4bfb-9f2a-8ed254528ce4}*SharedItemsImports = 5
		SharedProject\SharedProject.projitems*{26e91e46-01bc-4bfb-9f2a-8ed254528ce4}*SharedItemsImports = 5
		SharedWindows\SharedWindows.projitems*{26e91e46-01bc-4bfb-9f2a-8ed254528ce4}*SharedItemsImports = 5
		SharedProject\SharedProject.projitems*{38d61ae5-1f46-4fc0-8715-8da19cb68131}*SharedItemsImports = 5
		UseXOffice\SharedXOffice\SharedXOffice.projitems*{38d61ae5-1f46-4fc0-8715-8da19cb68131}*SharedItemsImports = 5
		SharedAndroid\SharedAndroid.projitems*{3d1b58ca-0456-40cd-9bea-0da2d5960f33}*SharedItemsImports = 5
		SharedGlucoMan\SharedGlucoMan.projitems*{3d1b58ca-0456-40cd-9bea-0da2d5960f33}*SharedItemsImports = 5
		SharedProject\SharedProject.projitems*{3d1b58ca-0456-40cd-9bea-0da2d5960f33}*SharedItemsImports = 5
		SharedAndroid\SharedAndroid.projitems*{7abe1f51-c287-42f5-9da8-8dc734cda12b}*SharedItemsImports = 13
		SharedGlucoMan\SharedGlucoMan.projitems*{8ec64118-1c79-47e9-b81e-66dab7c42087}*SharedItemsImports = 4
		SharedProject\SharedProject.projitems*{8ec64118-1c79-47e9-b81e-66dab7c42087}*SharedItemsImports = 4
		SharedWindows\SharedWindows.projitems*{8ec64118-1c79-47e9-b81e-66dab7c42087}*SharedItemsImports = 4
		SharedWinForms\SharedWinForms.projitems*{8ec64118-1c79-47e9-b81e-66dab7c42087}*SharedItemsImports = 4
		SharedGlucoMan\SharedGlucoMan.projitems*{a099d29b-5307-4564-acad-2a073fd1ef64}*SharedItemsImports = 13
		SharedWindows\SharedWindows.projitems*{b3c5e432-3f17-4683-976f-bd54081a9966}*SharedItemsImports = 13
		SharedProject\SharedProject.projitems*{ed912c6e-ad4c-41d0-b73a-50222569c201}*SharedItemsImports = 13
		UseXOffice\SharedXOffice\SharedXOffice.projitems*{eeb0680e-e0d0-4485-8c9a-f7aa98da1b90}*SharedItemsImports = 13
	EndGlobalSection
	GlobalSection(SolutionConfigurationPlatforms) = preSolution
		Debug|Any CPU = Debug|Any CPU
		Debug|ARM = Debug|ARM
		Debug|iPhone = Debug|iPhone
		Debug|iPhoneSimulator = Debug|iPhoneSimulator
		Debug|x64 = Debug|x64
		Debug|x86 = Debug|x86
		Release|Any CPU = Release|Any CPU
		Release|ARM = Release|ARM
		Release|iPhone = Release|iPhone
		Release|iPhoneSimulator = Release|iPhoneSimulator
		Release|x64 = Release|x64
		Release|x86 = Release|x86
	EndGlobalSection
	GlobalSection(ProjectConfigurationPlatforms) = postSolution
		{38D61AE5-1F46-4FC0-8715-8DA19CB68131}.Debug|Any CPU.ActiveCfg = Debug|Any CPU
		{38D61AE5-1F46-4FC0-8715-8DA19CB68131}.Debug|Any CPU.Build.0 = Debug|Any CPU
		{38D61AE5-1F46-4FC0-8715-8DA19CB68131}.Debug|ARM.ActiveCfg = Debug|Any CPU
		{38D61AE5-1F46-4FC0-8715-8DA19CB68131}.Debug|ARM.Build.0 = Debug|Any CPU
		{38D61AE5-1F46-4FC0-8715-8DA19CB68131}.Debug|iPhone.ActiveCfg = Debug|Any CPU
		{38D61AE5-1F46-4FC0-8715-8DA19CB68131}.Debug|iPhone.Build.0 = Debug|Any CPU
		{38D61AE5-1F46-4FC0-8715-8DA19CB68131}.Debug|iPhoneSimulator.ActiveCfg = Debug|Any CPU
		{38D61AE5-1F46-4FC0-8715-8DA19CB68131}.Debug|iPhoneSimulator.Build.0 = Debug|Any CPU
		{38D61AE5-1F46-4FC0-8715-8DA19CB68131}.Debug|x64.ActiveCfg = Debug|Any CPU
		{38D61AE5-1F46-4FC0-8715-8DA19CB68131}.Debug|x64.Build.0 = Debug|Any CPU
		{38D61AE5-1F46-4FC0-8715-8DA19CB68131}.Debug|x86.ActiveCfg = Debug|Any CPU
		{38D61AE5-1F46-4FC0-8715-8DA19CB68131}.Debug|x86.Build.0 = Debug|Any CPU
		{38D61AE5-1F46-4FC0-8715-8DA19CB68131}.Release|Any CPU.ActiveCfg = Release|Any CPU
		{38D61AE5-1F46-4FC0-8715-8DA19CB68131}.Release|Any CPU.Build.0 = Release|Any CPU
		{38D61AE5-1F46-4FC0-8715-8DA19CB68131}.Release|ARM.ActiveCfg = Release|Any CPU
		{38D61AE5-1F46-4FC0-8715-8DA19CB68131}.Release|ARM.Build.0 = Release|Any CPU
		{38D61AE5-1F46-4FC0-8715-8DA19CB68131}.Release|iPhone.ActiveCfg = Release|Any CPU
		{38D61AE5-1F46-4FC0-8715-8DA19CB68131}.Release|iPhone.Build.0 = Release|Any CPU
		{38D61AE5-1F46-4FC0-8715-8DA19CB68131}.Release|iPhoneSimulator.ActiveCfg = Release|Any CPU
		{38D61AE5-1F46-4FC0-8715-8DA19CB68131}.Release|iPhoneSimulator.Build.0 = Release|Any CPU
		{38D61AE5-1F46-4FC0-8715-8DA19CB68131}.Release|x64.ActiveCfg = Release|Any CPU
		{38D61AE5-1F46-4FC0-8715-8DA19CB68131}.Release|x64.Build.0 = Release|Any CPU
		{38D61AE5-1F46-4FC0-8715-8DA19CB68131}.Release|x86.ActiveCfg = Release|Any CPU
		{38D61AE5-1F46-4FC0-8715-8DA19CB68131}.Release|x86.Build.0 = Release|Any CPU
		{3E117AC4-A5FC-4468-B028-5B42DD491371}.Debug|Any CPU.ActiveCfg = Debug|x86
		{3E117AC4-A5FC-4468-B028-5B42DD491371}.Debug|ARM.ActiveCfg = Debug|ARM
		{3E117AC4-A5FC-4468-B028-5B42DD491371}.Debug|ARM.Build.0 = Debug|ARM
		{3E117AC4-A5FC-4468-B028-5B42DD491371}.Debug|ARM.Deploy.0 = Debug|ARM
		{3E117AC4-A5FC-4468-B028-5B42DD491371}.Debug|iPhone.ActiveCfg = Debug|x86
		{3E117AC4-A5FC-4468-B028-5B42DD491371}.Debug|iPhoneSimulator.ActiveCfg = Debug|x86
		{3E117AC4-A5FC-4468-B028-5B42DD491371}.Debug|x64.ActiveCfg = Debug|x64
		{3E117AC4-A5FC-4468-B028-5B42DD491371}.Debug|x64.Build.0 = Debug|x64
		{3E117AC4-A5FC-4468-B028-5B42DD491371}.Debug|x64.Deploy.0 = Debug|x64
		{3E117AC4-A5FC-4468-B028-5B42DD491371}.Debug|x86.ActiveCfg = Debug|x86
		{3E117AC4-A5FC-4468-B028-5B42DD491371}.Debug|x86.Build.0 = Debug|x86
		{3E117AC4-A5FC-4468-B028-5B42DD491371}.Debug|x86.Deploy.0 = Debug|x86
		{3E117AC4-A5FC-4468-B028-5B42DD491371}.Release|Any CPU.ActiveCfg = Release|x86
		{3E117AC4-A5FC-4468-B028-5B42DD491371}.Release|ARM.ActiveCfg = Release|ARM
		{3E117AC4-A5FC-4468-B028-5B42DD491371}.Release|ARM.Build.0 = Release|ARM
		{3E117AC4-A5FC-4468-B028-5B42DD491371}.Release|ARM.Deploy.0 = Release|ARM
		{3E117AC4-A5FC-4468-B028-5B42DD491371}.Release|iPhone.ActiveCfg = Release|x86
		{3E117AC4-A5FC-4468-B028-5B42DD491371}.Release|iPhoneSimulator.ActiveCfg = Release|x86
		{3E117AC4-A5FC-4468-B028-5B42DD491371}.Release|x64.ActiveCfg = Release|x64
		{3E117AC4-A5FC-4468-B028-5B42DD491371}.Release|x64.Build.0 = Release|x64
		{3E117AC4-A5FC-4468-B028-5B42DD491371}.Release|x64.Deploy.0 = Release|x64
		{3E117AC4-A5FC-4468-B028-5B42DD491371}.Release|x86.ActiveCfg = Release|x86
		{3E117AC4-A5FC-4468-B028-5B42DD491371}.Release|x86.Build.0 = Release|x86
		{3E117AC4-A5FC-4468-B028-5B42DD491371}.Release|x86.Deploy.0 = Release|x86
		{1AF13AD2-83E9-470C-B47F-1F5058403ADC}.Debug|Any CPU.ActiveCfg = Debug|Any CPU
		{1AF13AD2-83E9-470C-B47F-1F5058403ADC}.Debug|Any CPU.Build.0 = Debug|Any CPU
		{1AF13AD2-83E9-470C-B47F-1F5058403ADC}.Debug|Any CPU.Deploy.0 = Debug|Any CPU
		{1AF13AD2-83E9-470C-B47F-1F5058403ADC}.Debug|ARM.ActiveCfg = Debug|Any CPU
		{1AF13AD2-83E9-470C-B47F-1F5058403ADC}.Debug|ARM.Build.0 = Debug|Any CPU
		{1AF13AD2-83E9-470C-B47F-1F5058403ADC}.Debug|ARM.Deploy.0 = Debug|Any CPU
		{1AF13AD2-83E9-470C-B47F-1F5058403ADC}.Debug|iPhone.ActiveCfg = Debug|Any CPU
		{1AF13AD2-83E9-470C-B47F-1F5058403ADC}.Debug|iPhone.Build.0 = Debug|Any CPU
		{1AF13AD2-83E9-470C-B47F-1F5058403ADC}.Debug|iPhone.Deploy.0 = Debug|Any CPU
		{1AF13AD2-83E9-470C-B47F-1F5058403ADC}.Debug|iPhoneSimulator.ActiveCfg = Debug|Any CPU
		{1AF13AD2-83E9-470C-B47F-1F5058403ADC}.Debug|iPhoneSimulator.Build.0 = Debug|Any CPU
		{1AF13AD2-83E9-470C-B47F-1F5058403ADC}.Debug|iPhoneSimulator.Deploy.0 = Debug|Any CPU
		{1AF13AD2-83E9-470C-B47F-1F5058403ADC}.Debug|x64.ActiveCfg = Debug|Any CPU
		{1AF13AD2-83E9-470C-B47F-1F5058403ADC}.Debug|x64.Build.0 = Debug|Any CPU
		{1AF13AD2-83E9-470C-B47F-1F5058403ADC}.Debug|x64.Deploy.0 = Debug|Any CPU
		{1AF13AD2-83E9-470C-B47F-1F5058403ADC}.Debug|x86.ActiveCfg = Debug|Any CPU
		{1AF13AD2-83E9-470C-B47F-1F5058403ADC}.Debug|x86.Build.0 = Debug|Any CPU
		{1AF13AD2-83E9-470C-B47F-1F5058403ADC}.Debug|x86.Deploy.0 = Debug|Any CPU
		{1AF13AD2-83E9-470C-B47F-1F5058403ADC}.Release|Any CPU.ActiveCfg = Release|Any CPU
		{1AF13AD2-83E9-470C-B47F-1F5058403ADC}.Release|Any CPU.Build.0 = Release|Any CPU
		{1AF13AD2-83E9-470C-B47F-1F5058403ADC}.Release|Any CPU.Deploy.0 = Release|Any CPU
		{1AF13AD2-83E9-470C-B47F-1F5058403ADC}.Release|ARM.ActiveCfg = Release|Any CPU
		{1AF13AD2-83E9-470C-B47F-1F5058403ADC}.Release|ARM.Build.0 = Release|Any CPU
		{1AF13AD2-83E9-470C-B47F-1F5058403ADC}.Release|ARM.Deploy.0 = Release|Any CPU
		{1AF13AD2-83E9-470C-B47F-1F5058403ADC}.Release|iPhone.ActiveCfg = Release|Any CPU
		{1AF13AD2-83E9-470C-B47F-1F5058403ADC}.Release|iPhone.Build.0 = Release|Any CPU
		{1AF13AD2-83E9-470C-B47F-1F5058403ADC}.Release|iPhone.Deploy.0 = Release|Any CPU
		{1AF13AD2-83E9-470C-B47F-1F5058403ADC}.Release|iPhoneSimulator.ActiveCfg = Release|Any CPU
		{1AF13AD2-83E9-470C-B47F-1F5058403ADC}.Release|iPhoneSimulator.Build.0 = Release|Any CPU
		{1AF13AD2-83E9-470C-B47F-1F5058403ADC}.Release|iPhoneSimulator.Deploy.0 = Release|Any CPU
		{1AF13AD2-83E9-470C-B47F-1F5058403ADC}.Release|x64.ActiveCfg = Release|Any CPU
		{1AF13AD2-83E9-470C-B47F-1F5058403ADC}.Release|x64.Build.0 = Release|Any CPU
		{1AF13AD2-83E9-470C-B47F-1F5058403ADC}.Release|x64.Deploy.0 = Release|Any CPU
		{1AF13AD2-83E9-470C-B47F-1F5058403ADC}.Release|x86.ActiveCfg = Release|Any CPU
		{1AF13AD2-83E9-470C-B47F-1F5058403ADC}.Release|x86.Build.0 = Release|Any CPU
		{1AF13AD2-83E9-470C-B47F-1F5058403ADC}.Release|x86.Deploy.0 = Release|Any CPU
		{955693FB-ACBD-425F-B912-7BFAF31DF9AA}.Debug|Any CPU.ActiveCfg = Debug|iPhoneSimulator
		{955693FB-ACBD-425F-B912-7BFAF31DF9AA}.Debug|ARM.ActiveCfg = Debug|iPhoneSimulator
		{955693FB-ACBD-425F-B912-7BFAF31DF9AA}.Debug|iPhone.ActiveCfg = Debug|iPhone
		{955693FB-ACBD-425F-B912-7BFAF31DF9AA}.Debug|iPhone.Build.0 = Debug|iPhone
		{955693FB-ACBD-425F-B912-7BFAF31DF9AA}.Debug|iPhoneSimulator.ActiveCfg = Debug|iPhoneSimulator
		{955693FB-ACBD-425F-B912-7BFAF31DF9AA}.Debug|iPhoneSimulator.Build.0 = Debug|iPhoneSimulator
		{955693FB-ACBD-425F-B912-7BFAF31DF9AA}.Debug|x64.ActiveCfg = Debug|iPhoneSimulator
		{955693FB-ACBD-425F-B912-7BFAF31DF9AA}.Debug|x86.ActiveCfg = Debug|iPhoneSimulator
		{955693FB-ACBD-425F-B912-7BFAF31DF9AA}.Release|Any CPU.ActiveCfg = Release|iPhoneSimulator
		{955693FB-ACBD-425F-B912-7BFAF31DF9AA}.Release|ARM.ActiveCfg = Release|iPhoneSimulator
		{955693FB-ACBD-425F-B912-7BFAF31DF9AA}.Release|iPhone.ActiveCfg = Release|iPhone
		{955693FB-ACBD-425F-B912-7BFAF31DF9AA}.Release|iPhone.Build.0 = Release|iPhone
		{955693FB-ACBD-425F-B912-7BFAF31DF9AA}.Release|iPhoneSimulator.ActiveCfg = Release|iPhoneSimulator
		{955693FB-ACBD-425F-B912-7BFAF31DF9AA}.Release|iPhoneSimulator.Build.0 = Release|iPhoneSimulator
		{955693FB-ACBD-425F-B912-7BFAF31DF9AA}.Release|x64.ActiveCfg = Release|iPhoneSimulator
		{955693FB-ACBD-425F-B912-7BFAF31DF9AA}.Release|x86.ActiveCfg = Release|iPhoneSimulator
		{3D1B58CA-0456-40CD-9BEA-0DA2D5960F33}.Debug|Any CPU.ActiveCfg = Debug|Any CPU
		{3D1B58CA-0456-40CD-9BEA-0DA2D5960F33}.Debug|Any CPU.Build.0 = Debug|Any CPU
		{3D1B58CA-0456-40CD-9BEA-0DA2D5960F33}.Debug|ARM.ActiveCfg = Debug|Any CPU
		{3D1B58CA-0456-40CD-9BEA-0DA2D5960F33}.Debug|ARM.Build.0 = Debug|Any CPU
		{3D1B58CA-0456-40CD-9BEA-0DA2D5960F33}.Debug|iPhone.ActiveCfg = Debug|Any CPU
		{3D1B58CA-0456-40CD-9BEA-0DA2D5960F33}.Debug|iPhone.Build.0 = Debug|Any CPU
		{3D1B58CA-0456-40CD-9BEA-0DA2D5960F33}.Debug|iPhoneSimulator.ActiveCfg = Debug|Any CPU
		{3D1B58CA-0456-40CD-9BEA-0DA2D5960F33}.Debug|iPhoneSimulator.Build.0 = Debug|Any CPU
		{3D1B58CA-0456-40CD-9BEA-0DA2D5960F33}.Debug|x64.ActiveCfg = Debug|Any CPU
		{3D1B58CA-0456-40CD-9BEA-0DA2D5960F33}.Debug|x64.Build.0 = Debug|Any CPU
		{3D1B58CA-0456-40CD-9BEA-0DA2D5960F33}.Debug|x86.ActiveCfg = Debug|Any CPU
		{3D1B58CA-0456-40CD-9BEA-0DA2D5960F33}.Debug|x86.Build.0 = Debug|Any CPU
		{3D1B58CA-0456-40CD-9BEA-0DA2D5960F33}.Release|Any CPU.ActiveCfg = Release|Any CPU
		{3D1B58CA-0456-40CD-9BEA-0DA2D5960F33}.Release|Any CPU.Build.0 = Release|Any CPU
		{3D1B58CA-0456-40CD-9BEA-0DA2D5960F33}.Release|ARM.ActiveCfg = Release|Any CPU
		{3D1B58CA-0456-40CD-9BEA-0DA2D5960F33}.Release|ARM.Build.0 = Release|Any CPU
		{3D1B58CA-0456-40CD-9BEA-0DA2D5960F33}.Release|iPhone.ActiveCfg = Release|Any CPU
		{3D1B58CA-0456-40CD-9BEA-0DA2D5960F33}.Release|iPhone.Build.0 = Release|Any CPU
		{3D1B58CA-0456-40CD-9BEA-0DA2D5960F33}.Release|iPhoneSimulator.ActiveCfg = Release|Any CPU
		{3D1B58CA-0456-40CD-9BEA-0DA2D5960F33}.Release|iPhoneSimulator.Build.0 = Release|Any CPU
		{3D1B58CA-0456-40CD-9BEA-0DA2D5960F33}.Release|x64.ActiveCfg = Release|Any CPU
		{3D1B58CA-0456-40CD-9BEA-0DA2D5960F33}.Release|x64.Build.0 = Release|Any CPU
		{3D1B58CA-0456-40CD-9BEA-0DA2D5960F33}.Release|x86.ActiveCfg = Release|Any CPU
		{3D1B58CA-0456-40CD-9BEA-0DA2D5960F33}.Release|x86.Build.0 = Release|Any CPU
		{8EC64118-1C79-47E9-B81E-66DAB7C42087}.Debug|Any CPU.ActiveCfg = Debug|Any CPU
		{8EC64118-1C79-47E9-B81E-66DAB7C42087}.Debug|Any CPU.Build.0 = Debug|Any CPU
		{8EC64118-1C79-47E9-B81E-66DAB7C42087}.Debug|ARM.ActiveCfg = Debug|Any CPU
		{8EC64118-1C79-47E9-B81E-66DAB7C42087}.Debug|ARM.Build.0 = Debug|Any CPU
		{8EC64118-1C79-47E9-B81E-66DAB7C42087}.Debug|iPhone.ActiveCfg = Debug|Any CPU
		{8EC64118-1C79-47E9-B81E-66DAB7C42087}.Debug|iPhone.Build.0 = Debug|Any CPU
		{8EC64118-1C79-47E9-B81E-66DAB7C42087}.Debug|iPhoneSimulator.ActiveCfg = Debug|Any CPU
		{8EC64118-1C79-47E9-B81E-66DAB7C42087}.Debug|iPhoneSimulator.Build.0 = Debug|Any CPU
		{8EC64118-1C79-47E9-B81E-66DAB7C42087}.Debug|x64.ActiveCfg = Debug|Any CPU
		{8EC64118-1C79-47E9-B81E-66DAB7C42087}.Debug|x64.Build.0 = Debug|Any CPU
		{8EC64118-1C79-47E9-B81E-66DAB7C42087}.Debug|x86.ActiveCfg = Debug|Any CPU
		{8EC64118-1C79-47E9-B81E-66DAB7C42087}.Debug|x86.Build.0 = Debug|Any CPU
		{8EC64118-1C79-47E9-B81E-66DAB7C42087}.Release|Any CPU.ActiveCfg = Release|Any CPU
		{8EC64118-1C79-47E9-B81E-66DAB7C42087}.Release|Any CPU.Build.0 = Release|Any CPU
		{8EC64118-1C79-47E9-B81E-66DAB7C42087}.Release|ARM.ActiveCfg = Release|Any CPU
		{8EC64118-1C79-47E9-B81E-66DAB7C42087}.Release|ARM.Build.0 = Release|Any CPU
		{8EC64118-1C79-47E9-B81E-66DAB7C42087}.Release|iPhone.ActiveCfg = Release|Any CPU
		{8EC64118-1C79-47E9-B81E-66DAB7C42087}.Release|iPhone.Build.0 = Release|Any CPU
		{8EC64118-1C79-47E9-B81E-66DAB7C42087}.Release|iPhoneSimulator.ActiveCfg = Release|Any CPU
		{8EC64118-1C79-47E9-B81E-66DAB7C42087}.Release|iPhoneSimulator.Build.0 = Release|Any CPU
		{8EC64118-1C79-47E9-B81E-66DAB7C42087}.Release|x64.ActiveCfg = Release|Any CPU
		{8EC64118-1C79-47E9-B81E-66DAB7C42087}.Release|x64.Build.0 = Release|Any CPU
		{8EC64118-1C79-47E9-B81E-66DAB7C42087}.Release|x86.ActiveCfg = Release|Any CPU
		{8EC64118-1C79-47E9-B81E-66DAB7C42087}.Release|x86.Build.0 = Release|Any CPU
		{26E91E46-01BC-4BFB-9F2A-8ED254528CE4}.Debug|Any CPU.ActiveCfg = Debug|Any CPU
		{26E91E46-01BC-4BFB-9F2A-8ED254528CE4}.Debug|Any CPU.Build.0 = Debug|Any CPU
		{26E91E46-01BC-4BFB-9F2A-8ED254528CE4}.Debug|ARM.ActiveCfg = Debug|Any CPU
		{26E91E46-01BC-4BFB-9F2A-8ED254528CE4}.Debug|ARM.Build.0 = Debug|Any CPU
		{26E91E46-01BC-4BFB-9F2A-8ED254528CE4}.Debug|iPhone.ActiveCfg = Debug|Any CPU
		{26E91E46-01BC-4BFB-9F2A-8ED254528CE4}.Debug|iPhone.Build.0 = Debug|Any CPU
		{26E91E46-01BC-4BFB-9F2A-8ED254528CE4}.Debug|iPhoneSimulator.ActiveCfg = Debug|Any CPU
		{26E91E46-01BC-4BFB-9F2A-8ED254528CE4}.Debug|iPhoneSimulator.Build.0 = Debug|Any CPU
		{26E91E46-01BC-4BFB-9F2A-8ED254528CE4}.Debug|x64.ActiveCfg = Debug|Any CPU
		{26E91E46-01BC-4BFB-9F2A-8ED254528CE4}.Debug|x64.Build.0 = Debug|Any CPU
		{26E91E46-01BC-4BFB-9F2A-8ED254528CE4}.Debug|x86.ActiveCfg = Debug|Any CPU
		{26E91E46-01BC-4BFB-9F2A-8ED254528CE4}.Debug|x86.Build.0 = Debug|Any CPU
		{26E91E46-01BC-4BFB-9F2A-8ED254528CE4}.Release|Any CPU.ActiveCfg = Release|Any CPU
		{26E91E46-01BC-4BFB-9F2A-8ED254528CE4}.Release|Any CPU.Build.0 = Release|Any CPU
		{26E91E46-01BC-4BFB-9F2A-8ED254528CE4}.Release|ARM.ActiveCfg = Release|Any CPU
		{26E91E46-01BC-4BFB-9F2A-8ED254528CE4}.Release|ARM.Build.0 = Release|Any CPU
		{26E91E46-01BC-4BFB-9F2A-8ED254528CE4}.Release|iPhone.ActiveCfg = Release|Any CPU
		{26E91E46-01BC-4BFB-9F2A-8ED254528CE4}.Release|iPhone.Build.0 = Release|Any CPU
		{26E91E46-01BC-4BFB-9F2A-8ED254528CE4}.Release|iPhoneSimulator.ActiveCfg = Release|Any CPU
		{26E91E46-01BC-4BFB-9F2A-8ED254528CE4}.Release|iPhoneSimulator.Build.0 = Release|Any CPU
		{26E91E46-01BC-4BFB-9F2A-8ED254528CE4}.Release|x64.ActiveCfg = Release|Any CPU
		{26E91E46-01BC-4BFB-9F2A-8ED254528CE4}.Release|x64.Build.0 = Release|Any CPU
		{26E91E46-01BC-4BFB-9F2A-8ED254528CE4}.Release|x86.ActiveCfg = Release|Any CPU
		{26E91E46-01BC-4BFB-9F2A-8ED254528CE4}.Release|x86.Build.0 = Release|Any CPU
	EndGlobalSection
	GlobalSection(SolutionProperties) = preSolution
		HideSolutionNode = FALSE
	EndGlobalSection
	GlobalSection(ExtensibilityGlobals) = postSolution
		SolutionGuid = {E6811CD1-8B3E-426F-A025-B3E561ADF070}
	EndGlobalSection
EndGlobal
