
Microsoft Visual Studio Solution File, Format Version 12.00
# Visual Studio Version 16
VisualStudioVersion = 16.0.31424.327
MinimumVisualStudioVersion = 10.0.40219.1
Project("{9A19103F-16F7-4668-BE54-9A1E7A4F7556}") = "GlucoMan_Forms_Core", "GlucoMan_Forms_Core\GlucoMan_Forms_Core.csproj", "{C2D966F6-CAEE-4599-93A3-42D7D2B5BD39}"
EndProject
Project("{FAE04EC0-301F-11D3-BF4B-00C04F79EFBC}") = "GlucoMan_Mobile.Android", "GlucoMan_Mobile\GlucoMan_Mobile.Android\GlucoMan_Mobile.Android.csproj", "{31F549F5-238C-486C-A69D-79C07EA1D85F}"
EndProject
Project("{FAE04EC0-301F-11D3-BF4B-00C04F79EFBC}") = "GlucoMan_Mobile.iOS", "GlucoMan_Mobile\GlucoMan_Mobile.iOS\GlucoMan_Mobile.iOS.csproj", "{A2CDE3F8-DA19-48C3-ACDF-A083D4A944D3}"
EndProject
Project("{9A19103F-16F7-4668-BE54-9A1E7A4F7556}") = "GlucoMan_Mobile", "GlucoMan_Mobile\GlucoMan_Mobile\GlucoMan_Mobile.csproj", "{A2AD8629-1D4D-4A4D-A629-041D78CE8BD9}"
EndProject
Project("{D954291E-2A0B-460D-934E-DC6B0785DB48}") = "SharedAndroid", "SharedAndroid\SharedAndroid.shproj", "{7ABE1F51-C287-42F5-9DA8-8DC734CDA12B}"
EndProject
Project("{D954291E-2A0B-460D-934E-DC6B0785DB48}") = "SharedGlucoMan", "SharedGlucoMan\SharedGlucoMan.shproj", "{A099D29B-5307-4564-ACAD-2A073FD1EF64}"
EndProject
Project("{D954291E-2A0B-460D-934E-DC6B0785DB48}") = "SharedProject", "SharedProject\SharedProject.shproj", "{ED912C6E-AD4C-41D0-B73A-50222569C201}"
EndProject
Project("{D954291E-2A0B-460D-934E-DC6B0785DB48}") = "SharedWindows", "SharedWindows\SharedWindows.shproj", "{B3C5E432-3F17-4683-976F-BD54081A9966}"
EndProject
Project("{D954291E-2A0B-460D-934E-DC6B0785DB48}") = "SharedWinForms", "SharedWinForms\SharedWinForms.shproj", "{12450C6C-3750-476E-95CA-8615B1478239}"
EndProject
Project("{9A19103F-16F7-4668-BE54-9A1E7A4F7556}") = "FoglioGlicemiaTerapia", "FoglioGlicemiaTerapia\FoglioGlicemiaTerapia.csproj", "{5DA71B44-3CA7-47AD-B840-86D0168A09A6}"
EndProject
Project("{D954291E-2A0B-460D-934E-DC6B0785DB48}") = "SharedXOffice", "SharedXOffice\SharedXOffice.shproj", "{EEB0680E-E0D0-4485-8C9A-F7AA98DA1B90}"
EndProject
Project("{9A19103F-16F7-4668-BE54-9A1E7A4F7556}") = "ReadFreeStyleLibreData", "ReadFreeStyleLibreData\ReadFreeStyleLibreData.csproj", "{8F5A9522-5D17-4292-B91D-198BB27D1DEF}"
EndProject
Global
	GlobalSection(SharedMSBuildProjectFiles) = preSolution
		SharedWinForms\SharedWinForms.projitems*{12450c6c-3750-476e-95ca-8615b1478239}*SharedItemsImports = 13
		SharedGlucoMan\SharedGlucoMan.projitems*{5da71b44-3ca7-47ad-b840-86d0168a09a6}*SharedItemsImports = 5
		SharedProject\SharedProject.projitems*{5da71b44-3ca7-47ad-b840-86d0168a09a6}*SharedItemsImports = 5
		SharedXOffice\SharedXOffice.projitems*{5da71b44-3ca7-47ad-b840-86d0168a09a6}*SharedItemsImports = 5
		SharedAndroid\SharedAndroid.projitems*{7abe1f51-c287-42f5-9da8-8dc734cda12b}*SharedItemsImports = 13
		SharedGlucoMan\SharedGlucoMan.projitems*{8f5a9522-5d17-4292-b91d-198bb27d1def}*SharedItemsImports = 5
		SharedProject\SharedProject.projitems*{8f5a9522-5d17-4292-b91d-198bb27d1def}*SharedItemsImports = 5
		SharedWindows\SharedWindows.projitems*{8f5a9522-5d17-4292-b91d-198bb27d1def}*SharedItemsImports = 5
		SharedGlucoMan\SharedGlucoMan.projitems*{a099d29b-5307-4564-acad-2a073fd1ef64}*SharedItemsImports = 13
		SharedAndroid\SharedAndroid.projitems*{a2ad8629-1d4d-4a4d-a629-041d78ce8bd9}*SharedItemsImports = 5
		SharedGlucoMan\SharedGlucoMan.projitems*{a2ad8629-1d4d-4a4d-a629-041d78ce8bd9}*SharedItemsImports = 5
		SharedProject\SharedProject.projitems*{a2ad8629-1d4d-4a4d-a629-041d78ce8bd9}*SharedItemsImports = 5
		SharedWindows\SharedWindows.projitems*{b3c5e432-3f17-4683-976f-bd54081a9966}*SharedItemsImports = 13
		SharedGlucoMan\SharedGlucoMan.projitems*{c2d966f6-caee-4599-93a3-42d7d2b5bd39}*SharedItemsImports = 5
		SharedProject\SharedProject.projitems*{c2d966f6-caee-4599-93a3-42d7d2b5bd39}*SharedItemsImports = 5
		SharedWindows\SharedWindows.projitems*{c2d966f6-caee-4599-93a3-42d7d2b5bd39}*SharedItemsImports = 5
		SharedWinForms\SharedWinForms.projitems*{c2d966f6-caee-4599-93a3-42d7d2b5bd39}*SharedItemsImports = 5
		SharedProject\SharedProject.projitems*{ed912c6e-ad4c-41d0-b73a-50222569c201}*SharedItemsImports = 13
		SharedXOffice\SharedXOffice.projitems*{eeb0680e-e0d0-4485-8c9a-f7aa98da1b90}*SharedItemsImports = 13
	EndGlobalSection
	GlobalSection(SolutionConfigurationPlatforms) = preSolution
		Debug|Any CPU = Debug|Any CPU
		Debug|iPhone = Debug|iPhone
		Debug|iPhoneSimulator = Debug|iPhoneSimulator
		Release|Any CPU = Release|Any CPU
		Release|iPhone = Release|iPhone
		Release|iPhoneSimulator = Release|iPhoneSimulator
	EndGlobalSection
	GlobalSection(ProjectConfigurationPlatforms) = postSolution
		{C2D966F6-CAEE-4599-93A3-42D7D2B5BD39}.Debug|Any CPU.ActiveCfg = Debug|Any CPU
		{C2D966F6-CAEE-4599-93A3-42D7D2B5BD39}.Debug|Any CPU.Build.0 = Debug|Any CPU
		{C2D966F6-CAEE-4599-93A3-42D7D2B5BD39}.Debug|iPhone.ActiveCfg = Debug|Any CPU
		{C2D966F6-CAEE-4599-93A3-42D7D2B5BD39}.Debug|iPhone.Build.0 = Debug|Any CPU
		{C2D966F6-CAEE-4599-93A3-42D7D2B5BD39}.Debug|iPhoneSimulator.ActiveCfg = Debug|Any CPU
		{C2D966F6-CAEE-4599-93A3-42D7D2B5BD39}.Debug|iPhoneSimulator.Build.0 = Debug|Any CPU
		{C2D966F6-CAEE-4599-93A3-42D7D2B5BD39}.Release|Any CPU.ActiveCfg = Release|Any CPU
		{C2D966F6-CAEE-4599-93A3-42D7D2B5BD39}.Release|Any CPU.Build.0 = Release|Any CPU
		{C2D966F6-CAEE-4599-93A3-42D7D2B5BD39}.Release|iPhone.ActiveCfg = Release|Any CPU
		{C2D966F6-CAEE-4599-93A3-42D7D2B5BD39}.Release|iPhone.Build.0 = Release|Any CPU
		{C2D966F6-CAEE-4599-93A3-42D7D2B5BD39}.Release|iPhoneSimulator.ActiveCfg = Release|Any CPU
		{C2D966F6-CAEE-4599-93A3-42D7D2B5BD39}.Release|iPhoneSimulator.Build.0 = Release|Any CPU
		{31F549F5-238C-486C-A69D-79C07EA1D85F}.Debug|Any CPU.ActiveCfg = Debug|Any CPU
		{31F549F5-238C-486C-A69D-79C07EA1D85F}.Debug|Any CPU.Build.0 = Debug|Any CPU
		{31F549F5-238C-486C-A69D-79C07EA1D85F}.Debug|Any CPU.Deploy.0 = Debug|Any CPU
		{31F549F5-238C-486C-A69D-79C07EA1D85F}.Debug|iPhone.ActiveCfg = Debug|Any CPU
		{31F549F5-238C-486C-A69D-79C07EA1D85F}.Debug|iPhone.Build.0 = Debug|Any CPU
		{31F549F5-238C-486C-A69D-79C07EA1D85F}.Debug|iPhone.Deploy.0 = Debug|Any CPU
		{31F549F5-238C-486C-A69D-79C07EA1D85F}.Debug|iPhoneSimulator.ActiveCfg = Debug|Any CPU
		{31F549F5-238C-486C-A69D-79C07EA1D85F}.Debug|iPhoneSimulator.Build.0 = Debug|Any CPU
		{31F549F5-238C-486C-A69D-79C07EA1D85F}.Debug|iPhoneSimulator.Deploy.0 = Debug|Any CPU
		{31F549F5-238C-486C-A69D-79C07EA1D85F}.Release|Any CPU.ActiveCfg = Release|Any CPU
		{31F549F5-238C-486C-A69D-79C07EA1D85F}.Release|Any CPU.Build.0 = Release|Any CPU
		{31F549F5-238C-486C-A69D-79C07EA1D85F}.Release|Any CPU.Deploy.0 = Release|Any CPU
		{31F549F5-238C-486C-A69D-79C07EA1D85F}.Release|iPhone.ActiveCfg = Release|Any CPU
		{31F549F5-238C-486C-A69D-79C07EA1D85F}.Release|iPhone.Build.0 = Release|Any CPU
		{31F549F5-238C-486C-A69D-79C07EA1D85F}.Release|iPhone.Deploy.0 = Release|Any CPU
		{31F549F5-238C-486C-A69D-79C07EA1D85F}.Release|iPhoneSimulator.ActiveCfg = Release|Any CPU
		{31F549F5-238C-486C-A69D-79C07EA1D85F}.Release|iPhoneSimulator.Build.0 = Release|Any CPU
		{31F549F5-238C-486C-A69D-79C07EA1D85F}.Release|iPhoneSimulator.Deploy.0 = Release|Any CPU
		{A2CDE3F8-DA19-48C3-ACDF-A083D4A944D3}.Debug|Any CPU.ActiveCfg = Debug|iPhoneSimulator
		{A2CDE3F8-DA19-48C3-ACDF-A083D4A944D3}.Debug|iPhone.ActiveCfg = Debug|iPhone
		{A2CDE3F8-DA19-48C3-ACDF-A083D4A944D3}.Debug|iPhone.Build.0 = Debug|iPhone
		{A2CDE3F8-DA19-48C3-ACDF-A083D4A944D3}.Debug|iPhoneSimulator.ActiveCfg = Debug|iPhoneSimulator
		{A2CDE3F8-DA19-48C3-ACDF-A083D4A944D3}.Debug|iPhoneSimulator.Build.0 = Debug|iPhoneSimulator
		{A2CDE3F8-DA19-48C3-ACDF-A083D4A944D3}.Release|Any CPU.ActiveCfg = Release|iPhoneSimulator
		{A2CDE3F8-DA19-48C3-ACDF-A083D4A944D3}.Release|iPhone.ActiveCfg = Release|iPhone
		{A2CDE3F8-DA19-48C3-ACDF-A083D4A944D3}.Release|iPhone.Build.0 = Release|iPhone
		{A2CDE3F8-DA19-48C3-ACDF-A083D4A944D3}.Release|iPhoneSimulator.ActiveCfg = Release|iPhoneSimulator
		{A2CDE3F8-DA19-48C3-ACDF-A083D4A944D3}.Release|iPhoneSimulator.Build.0 = Release|iPhoneSimulator
		{A2AD8629-1D4D-4A4D-A629-041D78CE8BD9}.Debug|Any CPU.ActiveCfg = Debug|Any CPU
		{A2AD8629-1D4D-4A4D-A629-041D78CE8BD9}.Debug|Any CPU.Build.0 = Debug|Any CPU
		{A2AD8629-1D4D-4A4D-A629-041D78CE8BD9}.Debug|iPhone.ActiveCfg = Debug|Any CPU
		{A2AD8629-1D4D-4A4D-A629-041D78CE8BD9}.Debug|iPhone.Build.0 = Debug|Any CPU
		{A2AD8629-1D4D-4A4D-A629-041D78CE8BD9}.Debug|iPhoneSimulator.ActiveCfg = Debug|Any CPU
		{A2AD8629-1D4D-4A4D-A629-041D78CE8BD9}.Debug|iPhoneSimulator.Build.0 = Debug|Any CPU
		{A2AD8629-1D4D-4A4D-A629-041D78CE8BD9}.Release|Any CPU.ActiveCfg = Release|Any CPU
		{A2AD8629-1D4D-4A4D-A629-041D78CE8BD9}.Release|Any CPU.Build.0 = Release|Any CPU
		{A2AD8629-1D4D-4A4D-A629-041D78CE8BD9}.Release|iPhone.ActiveCfg = Release|Any CPU
		{A2AD8629-1D4D-4A4D-A629-041D78CE8BD9}.Release|iPhone.Build.0 = Release|Any CPU
		{A2AD8629-1D4D-4A4D-A629-041D78CE8BD9}.Release|iPhoneSimulator.ActiveCfg = Release|Any CPU
		{A2AD8629-1D4D-4A4D-A629-041D78CE8BD9}.Release|iPhoneSimulator.Build.0 = Release|Any CPU
		{5DA71B44-3CA7-47AD-B840-86D0168A09A6}.Debug|Any CPU.ActiveCfg = Debug|Any CPU
		{5DA71B44-3CA7-47AD-B840-86D0168A09A6}.Debug|Any CPU.Build.0 = Debug|Any CPU
		{5DA71B44-3CA7-47AD-B840-86D0168A09A6}.Debug|iPhone.ActiveCfg = Debug|Any CPU
		{5DA71B44-3CA7-47AD-B840-86D0168A09A6}.Debug|iPhone.Build.0 = Debug|Any CPU
		{5DA71B44-3CA7-47AD-B840-86D0168A09A6}.Debug|iPhoneSimulator.ActiveCfg = Debug|Any CPU
		{5DA71B44-3CA7-47AD-B840-86D0168A09A6}.Debug|iPhoneSimulator.Build.0 = Debug|Any CPU
		{5DA71B44-3CA7-47AD-B840-86D0168A09A6}.Release|Any CPU.ActiveCfg = Release|Any CPU
		{5DA71B44-3CA7-47AD-B840-86D0168A09A6}.Release|Any CPU.Build.0 = Release|Any CPU
		{5DA71B44-3CA7-47AD-B840-86D0168A09A6}.Release|iPhone.ActiveCfg = Release|Any CPU
		{5DA71B44-3CA7-47AD-B840-86D0168A09A6}.Release|iPhone.Build.0 = Release|Any CPU
		{5DA71B44-3CA7-47AD-B840-86D0168A09A6}.Release|iPhoneSimulator.ActiveCfg = Release|Any CPU
		{5DA71B44-3CA7-47AD-B840-86D0168A09A6}.Release|iPhoneSimulator.Build.0 = Release|Any CPU
		{8F5A9522-5D17-4292-B91D-198BB27D1DEF}.Debug|Any CPU.ActiveCfg = Debug|Any CPU
		{8F5A9522-5D17-4292-B91D-198BB27D1DEF}.Debug|Any CPU.Build.0 = Debug|Any CPU
		{8F5A9522-5D17-4292-B91D-198BB27D1DEF}.Debug|iPhone.ActiveCfg = Debug|Any CPU
		{8F5A9522-5D17-4292-B91D-198BB27D1DEF}.Debug|iPhone.Build.0 = Debug|Any CPU
		{8F5A9522-5D17-4292-B91D-198BB27D1DEF}.Debug|iPhoneSimulator.ActiveCfg = Debug|Any CPU
		{8F5A9522-5D17-4292-B91D-198BB27D1DEF}.Debug|iPhoneSimulator.Build.0 = Debug|Any CPU
		{8F5A9522-5D17-4292-B91D-198BB27D1DEF}.Release|Any CPU.ActiveCfg = Release|Any CPU
		{8F5A9522-5D17-4292-B91D-198BB27D1DEF}.Release|Any CPU.Build.0 = Release|Any CPU
		{8F5A9522-5D17-4292-B91D-198BB27D1DEF}.Release|iPhone.ActiveCfg = Release|Any CPU
		{8F5A9522-5D17-4292-B91D-198BB27D1DEF}.Release|iPhone.Build.0 = Release|Any CPU
		{8F5A9522-5D17-4292-B91D-198BB27D1DEF}.Release|iPhoneSimulator.ActiveCfg = Release|Any CPU
		{8F5A9522-5D17-4292-B91D-198BB27D1DEF}.Release|iPhoneSimulator.Build.0 = Release|Any CPU
	EndGlobalSection
	GlobalSection(SolutionProperties) = preSolution
		HideSolutionNode = FALSE
	EndGlobalSection
	GlobalSection(ExtensibilityGlobals) = postSolution
		SolutionGuid = {A013EAF2-F7B7-403C-A60F-D549A789F10D}
	EndGlobalSection
EndGlobal
