
Microsoft Visual Studio Solution File, Format Version 12.00
# Visual Studio 14
VisualStudioVersion = 14.0.24720.0
MinimumVisualStudioVersion = 10.0.40219.1
Project("{FAE04EC0-301F-11D3-BF4B-00C04F79EFBC}") = "UseXOffice", "UseXOffice.csproj", "{2D099FFF-9E8F-48FF-8971-5C2BA65F6CF2}"
EndProject
Project("{D954291E-2A0B-460D-934E-DC6B0785DB48}") = "SharedXOffice", "SharedXOffice\SharedXOffice.shproj", "{EEB0680E-E0D0-4485-8C9A-F7AA98DA1B90}"
EndProject
Global
	GlobalSection(SharedMSBuildProjectFiles) = preSolution
		SharedXOffice\SharedXOffice.projitems*{2d099fff-9e8f-48ff-8971-5c2ba65f6cf2}*SharedItemsImports = 4
		SharedXOffice\SharedXOffice.projitems*{eeb0680e-e0d0-4485-8c9a-f7aa98da1b90}*SharedItemsImports = 13
	EndGlobalSection
	GlobalSection(SolutionConfigurationPlatforms) = preSolution
		Debug|Any CPU = Debug|Any CPU
		Release|Any CPU = Release|Any CPU
	EndGlobalSection
	GlobalSection(ProjectConfigurationPlatforms) = postSolution
		{2D099FFF-9E8F-48FF-8971-5C2BA65F6CF2}.Debug|Any CPU.ActiveCfg = Debug|Any CPU
		{2D099FFF-9E8F-48FF-8971-5C2BA65F6CF2}.Debug|Any CPU.Build.0 = Debug|Any CPU
		{2D099FFF-9E8F-48FF-8971-5C2BA65F6CF2}.Release|Any CPU.ActiveCfg = Release|Any CPU
		{2D099FFF-9E8F-48FF-8971-5C2BA65F6CF2}.Release|Any CPU.Build.0 = Release|Any CPU
	EndGlobalSection
	GlobalSection(SolutionProperties) = preSolution
		HideSolutionNode = FALSE
	EndGlobalSection
EndGlobal
